// !$*UTF8*$!
{
	archiveVersion = 1;
	classes = {
	};
	objectVersion = 51;
	objects = {

/* Begin PBXBuildFile section */
		4F1C122D26616AE711D714F1 /* Pods_wefitbby_ios.framework in Frameworks */ = {isa = PBXBuildFile; fileRef = 3670BD4513A8806D2BFF3B99 /* Pods_wefitbby_ios.framework */; };
		54BB6C31ABCFFC6AE29018AB /* Pods_wefitbby_iosTests.framework in Frameworks */ = {isa = PBXBuildFile; fileRef = 758A81F4EE0AE902804D700A /* Pods_wefitbby_iosTests.framework */; };
		852274342528FA9C005D18C3 /* ORSeparator.png in Resources */ = {isa = PBXBuildFile; fileRef = 852274312528FA9C005D18C3 /* ORSeparator.png */; };
		852274352528FA9C005D18C3 /* ORSeparator@2x.png in Resources */ = {isa = PBXBuildFile; fileRef = 852274322528FA9C005D18C3 /* ORSeparator@2x.png */; };
		852274362528FA9C005D18C3 /* ORSeparator@3x.png in Resources */ = {isa = PBXBuildFile; fileRef = 852274332528FA9C005D18C3 /* ORSeparator@3x.png */; };
		85227440252A2B14005D18C3 /* googlesignin-icon@3x.png in Resources */ = {isa = PBXBuildFile; fileRef = 8522743A252A2B14005D18C3 /* googlesignin-icon@3x.png */; };
		85227441252A2B14005D18C3 /* applesignin-icon.png in Resources */ = {isa = PBXBuildFile; fileRef = 8522743B252A2B14005D18C3 /* applesignin-icon.png */; };
		85227442252A2B14005D18C3 /* googlesignin-icon.png in Resources */ = {isa = PBXBuildFile; fileRef = 8522743C252A2B14005D18C3 /* googlesignin-icon.png */; };
		85227443252A2B14005D18C3 /* googlesignin-icon@2x.png in Resources */ = {isa = PBXBuildFile; fileRef = 8522743D252A2B14005D18C3 /* googlesignin-icon@2x.png */; };
		85227444252A2B14005D18C3 /* applesignin-icon@3x.png in Resources */ = {isa = PBXBuildFile; fileRef = 8522743E252A2B14005D18C3 /* applesignin-icon@3x.png */; };
		85227445252A2B14005D18C3 /* applesignin-icon@2x.png in Resources */ = {isa = PBXBuildFile; fileRef = 8522743F252A2B14005D18C3 /* applesignin-icon@2x.png */; };
		85255EB3249C8B6500550416 /* AppDelegate.swift in Sources */ = {isa = PBXBuildFile; fileRef = 85255EB2249C8B6500550416 /* AppDelegate.swift */; };
		85255EB5249C8B6500550416 /* SceneDelegate.swift in Sources */ = {isa = PBXBuildFile; fileRef = 85255EB4249C8B6500550416 /* SceneDelegate.swift */; };
		85255EB8249C8B6500550416 /* wefitbby_ios.xcdatamodeld in Sources */ = {isa = PBXBuildFile; fileRef = 85255EB6249C8B6500550416 /* wefitbby_ios.xcdatamodeld */; };
		85255EBA249C8B6500550416 /* ContentView.swift in Sources */ = {isa = PBXBuildFile; fileRef = 85255EB9249C8B6500550416 /* ContentView.swift */; };
		85255EBC249C8B6600550416 /* Assets.xcassets in Resources */ = {isa = PBXBuildFile; fileRef = 85255EBB249C8B6600550416 /* Assets.xcassets */; };
		85255EBF249C8B6600550416 /* Preview Assets.xcassets in Resources */ = {isa = PBXBuildFile; fileRef = 85255EBE249C8B6600550416 /* Preview Assets.xcassets */; };
		85255EC2249C8B6600550416 /* LaunchScreen.storyboard in Resources */ = {isa = PBXBuildFile; fileRef = 85255EC0249C8B6600550416 /* LaunchScreen.storyboard */; };
		85255ECD249C8B6600550416 /* wefitbby_iosTests.swift in Sources */ = {isa = PBXBuildFile; fileRef = 85255ECC249C8B6600550416 /* wefitbby_iosTests.swift */; };
		85255ED8249C8B6600550416 /* wefitbby_iosUITests.swift in Sources */ = {isa = PBXBuildFile; fileRef = 85255ED7249C8B6600550416 /* wefitbby_iosUITests.swift */; };
		852E9F33249E6D3800376025 /* Data.swift in Sources */ = {isa = PBXBuildFile; fileRef = 852E9F32249E6D3800376025 /* Data.swift */; };
		852E9F35249E6ECB00376025 /* UserList.swift in Sources */ = {isa = PBXBuildFile; fileRef = 852E9F34249E6ECB00376025 /* UserList.swift */; };
		8550189F24A1AA5100D1DE10 /* User.swift in Sources */ = {isa = PBXBuildFile; fileRef = 8550189E24A1AA5100D1DE10 /* User.swift */; };
		855018A124A1AA5E00D1DE10 /* Goals.swift in Sources */ = {isa = PBXBuildFile; fileRef = 855018A024A1AA5E00D1DE10 /* Goals.swift */; };
		85664B43251F891C0025CEF0 /* HomeTabView.swift in Sources */ = {isa = PBXBuildFile; fileRef = 85664B42251F891C0025CEF0 /* HomeTabView.swift */; };
		857F3DF225274B3300145C18 /* OneForgetPasswordView.swift in Sources */ = {isa = PBXBuildFile; fileRef = 857F3DF125274B3300145C18 /* OneForgetPasswordView.swift */; };
		858869D724A06FA5007E216F /* GoogleService-Info.plist in Resources */ = {isa = PBXBuildFile; fileRef = 858869D624A06FA5007E216F /* GoogleService-Info.plist */; };
		858869DA24A079A5007E216F /* LoginView.swift in Sources */ = {isa = PBXBuildFile; fileRef = 858869D924A079A5007E216F /* LoginView.swift */; };
		858869DC24A07E04007E216F /* SignUpView.swift in Sources */ = {isa = PBXBuildFile; fileRef = 858869DB24A07E04007E216F /* SignUpView.swift */; };
		85A613BD2524E1C700E6735E /* Splash Screen in Resources */ = {isa = PBXBuildFile; fileRef = 85A613BC2524E1C700E6735E /* Splash Screen */; };
		85A613CD2524EF3400E6735E /* HostingController.swift in Sources */ = {isa = PBXBuildFile; fileRef = 85A613CC2524EF3400E6735E /* HostingController.swift */; };
		85A613DD2524F87500E6735E /* WFB White Logo in Resources */ = {isa = PBXBuildFile; fileRef = 85A613DC2524F87500E6735E /* WFB White Logo */; };
		85CD569F24A479DD00A1B04B /* GetStartedView.swift in Sources */ = {isa = PBXBuildFile; fileRef = 85CD569E24A479DD00A1B04B /* GetStartedView.swift */; };
		85D673A82525B01300CABA10 /* GetStartedView in Resources */ = {isa = PBXBuildFile; fileRef = 85D673A72525B01300CABA10 /* GetStartedView */; };
		A4F8FDC5312AD9B68988FAEA /* Pods_wefitbby_ios_wefitbby_iosUITests.framework in Frameworks */ = {isa = PBXBuildFile; fileRef = 56F66EC83217184CD1098C25 /* Pods_wefitbby_ios_wefitbby_iosUITests.framework */; };
/* End PBXBuildFile section */

/* Begin PBXContainerItemProxy section */
		85255EC9249C8B6600550416 /* PBXContainerItemProxy */ = {
			isa = PBXContainerItemProxy;
			containerPortal = 85255EA7249C8B6400550416 /* Project object */;
			proxyType = 1;
			remoteGlobalIDString = 85255EAE249C8B6400550416;
			remoteInfo = "wefitbby-ios";
		};
		85255ED4249C8B6600550416 /* PBXContainerItemProxy */ = {
			isa = PBXContainerItemProxy;
			containerPortal = 85255EA7249C8B6400550416 /* Project object */;
			proxyType = 1;
			remoteGlobalIDString = 85255EAE249C8B6400550416;
			remoteInfo = "wefitbby-ios";
		};
/* End PBXContainerItemProxy section */

/* Begin PBXFileReference section */
		2741321D7C0EF9D269F07D60 /* Pods-wefitbby-ios.release.xcconfig */ = {isa = PBXFileReference; includeInIndex = 1; lastKnownFileType = text.xcconfig; name = "Pods-wefitbby-ios.release.xcconfig"; path = "Target Support Files/Pods-wefitbby-ios/Pods-wefitbby-ios.release.xcconfig"; sourceTree = "<group>"; };
		3670BD4513A8806D2BFF3B99 /* Pods_wefitbby_ios.framework */ = {isa = PBXFileReference; explicitFileType = wrapper.framework; includeInIndex = 0; path = Pods_wefitbby_ios.framework; sourceTree = BUILT_PRODUCTS_DIR; };
		56F66EC83217184CD1098C25 /* Pods_wefitbby_ios_wefitbby_iosUITests.framework */ = {isa = PBXFileReference; explicitFileType = wrapper.framework; includeInIndex = 0; path = Pods_wefitbby_ios_wefitbby_iosUITests.framework; sourceTree = BUILT_PRODUCTS_DIR; };
		70E450D4F16A4EA4CA847BD6 /* Pods-wefitbby-ios-wefitbby-iosUITests.release.xcconfig */ = {isa = PBXFileReference; includeInIndex = 1; lastKnownFileType = text.xcconfig; name = "Pods-wefitbby-ios-wefitbby-iosUITests.release.xcconfig"; path = "Target Support Files/Pods-wefitbby-ios-wefitbby-iosUITests/Pods-wefitbby-ios-wefitbby-iosUITests.release.xcconfig"; sourceTree = "<group>"; };
		758A81F4EE0AE902804D700A /* Pods_wefitbby_iosTests.framework */ = {isa = PBXFileReference; explicitFileType = wrapper.framework; includeInIndex = 0; path = Pods_wefitbby_iosTests.framework; sourceTree = BUILT_PRODUCTS_DIR; };
		768EB95AAE722BBDF1C89276 /* Pods-wefitbby-ios.debug.xcconfig */ = {isa = PBXFileReference; includeInIndex = 1; lastKnownFileType = text.xcconfig; name = "Pods-wefitbby-ios.debug.xcconfig"; path = "Target Support Files/Pods-wefitbby-ios/Pods-wefitbby-ios.debug.xcconfig"; sourceTree = "<group>"; };
		852274312528FA9C005D18C3 /* ORSeparator.png */ = {isa = PBXFileReference; lastKnownFileType = image.png; path = ORSeparator.png; sourceTree = "<group>"; };
		852274322528FA9C005D18C3 /* ORSeparator@2x.png */ = {isa = PBXFileReference; lastKnownFileType = image.png; path = "ORSeparator@2x.png"; sourceTree = "<group>"; };
		852274332528FA9C005D18C3 /* ORSeparator@3x.png */ = {isa = PBXFileReference; lastKnownFileType = image.png; path = "ORSeparator@3x.png"; sourceTree = "<group>"; };
		8522743A252A2B14005D18C3 /* googlesignin-icon@3x.png */ = {isa = PBXFileReference; lastKnownFileType = image.png; path = "googlesignin-icon@3x.png"; sourceTree = "<group>"; };
		8522743B252A2B14005D18C3 /* applesignin-icon.png */ = {isa = PBXFileReference; lastKnownFileType = image.png; path = "applesignin-icon.png"; sourceTree = "<group>"; };
		8522743C252A2B14005D18C3 /* googlesignin-icon.png */ = {isa = PBXFileReference; lastKnownFileType = image.png; path = "googlesignin-icon.png"; sourceTree = "<group>"; };
		8522743D252A2B14005D18C3 /* googlesignin-icon@2x.png */ = {isa = PBXFileReference; lastKnownFileType = image.png; path = "googlesignin-icon@2x.png"; sourceTree = "<group>"; };
		8522743E252A2B14005D18C3 /* applesignin-icon@3x.png */ = {isa = PBXFileReference; lastKnownFileType = image.png; path = "applesignin-icon@3x.png"; sourceTree = "<group>"; };
		8522743F252A2B14005D18C3 /* applesignin-icon@2x.png */ = {isa = PBXFileReference; lastKnownFileType = image.png; path = "applesignin-icon@2x.png"; sourceTree = "<group>"; };
		85255EAF249C8B6400550416 /* wefitbby-ios.app */ = {isa = PBXFileReference; explicitFileType = wrapper.application; includeInIndex = 0; path = "wefitbby-ios.app"; sourceTree = BUILT_PRODUCTS_DIR; };
		85255EB2249C8B6500550416 /* AppDelegate.swift */ = {isa = PBXFileReference; lastKnownFileType = sourcecode.swift; path = AppDelegate.swift; sourceTree = "<group>"; };
		85255EB4249C8B6500550416 /* SceneDelegate.swift */ = {isa = PBXFileReference; lastKnownFileType = sourcecode.swift; path = SceneDelegate.swift; sourceTree = "<group>"; };
		85255EB7249C8B6500550416 /* wefitbby_ios.xcdatamodel */ = {isa = PBXFileReference; lastKnownFileType = wrapper.xcdatamodel; path = wefitbby_ios.xcdatamodel; sourceTree = "<group>"; };
		85255EB9249C8B6500550416 /* ContentView.swift */ = {isa = PBXFileReference; lastKnownFileType = sourcecode.swift; path = ContentView.swift; sourceTree = "<group>"; };
		85255EBB249C8B6600550416 /* Assets.xcassets */ = {isa = PBXFileReference; lastKnownFileType = folder.assetcatalog; path = Assets.xcassets; sourceTree = "<group>"; };
		85255EBE249C8B6600550416 /* Preview Assets.xcassets */ = {isa = PBXFileReference; lastKnownFileType = folder.assetcatalog; path = "Preview Assets.xcassets"; sourceTree = "<group>"; };
		85255EC1249C8B6600550416 /* Base */ = {isa = PBXFileReference; lastKnownFileType = file.storyboard; name = Base; path = Base.lproj/LaunchScreen.storyboard; sourceTree = "<group>"; };
		85255EC3249C8B6600550416 /* Info.plist */ = {isa = PBXFileReference; lastKnownFileType = text.plist.xml; path = Info.plist; sourceTree = "<group>"; };
		85255EC8249C8B6600550416 /* wefitbby-iosTests.xctest */ = {isa = PBXFileReference; explicitFileType = wrapper.cfbundle; includeInIndex = 0; path = "wefitbby-iosTests.xctest"; sourceTree = BUILT_PRODUCTS_DIR; };
		85255ECC249C8B6600550416 /* wefitbby_iosTests.swift */ = {isa = PBXFileReference; lastKnownFileType = sourcecode.swift; path = wefitbby_iosTests.swift; sourceTree = "<group>"; };
		85255ECE249C8B6600550416 /* Info.plist */ = {isa = PBXFileReference; lastKnownFileType = text.plist.xml; path = Info.plist; sourceTree = "<group>"; };
		85255ED3249C8B6600550416 /* wefitbby-iosUITests.xctest */ = {isa = PBXFileReference; explicitFileType = wrapper.cfbundle; includeInIndex = 0; path = "wefitbby-iosUITests.xctest"; sourceTree = BUILT_PRODUCTS_DIR; };
		85255ED7249C8B6600550416 /* wefitbby_iosUITests.swift */ = {isa = PBXFileReference; lastKnownFileType = sourcecode.swift; path = wefitbby_iosUITests.swift; sourceTree = "<group>"; };
		85255ED9249C8B6600550416 /* Info.plist */ = {isa = PBXFileReference; lastKnownFileType = text.plist.xml; path = Info.plist; sourceTree = "<group>"; };
		852E9F32249E6D3800376025 /* Data.swift */ = {isa = PBXFileReference; lastKnownFileType = sourcecode.swift; path = Data.swift; sourceTree = "<group>"; };
		852E9F34249E6ECB00376025 /* UserList.swift */ = {isa = PBXFileReference; lastKnownFileType = sourcecode.swift; path = UserList.swift; sourceTree = "<group>"; };
		8550189E24A1AA5100D1DE10 /* User.swift */ = {isa = PBXFileReference; lastKnownFileType = sourcecode.swift; path = User.swift; sourceTree = "<group>"; };
		855018A024A1AA5E00D1DE10 /* Goals.swift */ = {isa = PBXFileReference; lastKnownFileType = sourcecode.swift; path = Goals.swift; sourceTree = "<group>"; };
		85664B42251F891C0025CEF0 /* HomeTabView.swift */ = {isa = PBXFileReference; lastKnownFileType = sourcecode.swift; path = HomeTabView.swift; sourceTree = "<group>"; };
		857F3DE02527440700145C18 /* Separator@3x.png */ = {isa = PBXFileReference; lastKnownFileType = image.png; path = "Separator@3x.png"; sourceTree = "<group>"; };
		857F3DE12527440700145C18 /* Separator@2x.png */ = {isa = PBXFileReference; lastKnownFileType = image.png; path = "Separator@2x.png"; sourceTree = "<group>"; };
		857F3DE22527440700145C18 /* LogInRRectangle@3x.png */ = {isa = PBXFileReference; lastKnownFileType = image.png; path = "LogInRRectangle@3x.png"; sourceTree = "<group>"; };
		857F3DE32527440700145C18 /* Separator.png */ = {isa = PBXFileReference; lastKnownFileType = image.png; path = Separator.png; sourceTree = "<group>"; };
		857F3DE42527440700145C18 /* LogInRRectangle@2x.png */ = {isa = PBXFileReference; lastKnownFileType = image.png; path = "LogInRRectangle@2x.png"; sourceTree = "<group>"; };
		857F3DE52527440700145C18 /* LogInRRectangle.png */ = {isa = PBXFileReference; lastKnownFileType = image.png; path = LogInRRectangle.png; sourceTree = "<group>"; };
		857F3DF125274B3300145C18 /* OneForgetPasswordView.swift */ = {isa = PBXFileReference; lastKnownFileType = sourcecode.swift; path = OneForgetPasswordView.swift; sourceTree = "<group>"; };
		858869D624A06FA5007E216F /* GoogleService-Info.plist */ = {isa = PBXFileReference; fileEncoding = 4; lastKnownFileType = text.plist.xml; path = "GoogleService-Info.plist"; sourceTree = "<group>"; };
		858869D924A079A5007E216F /* LoginView.swift */ = {isa = PBXFileReference; lastKnownFileType = sourcecode.swift; path = LoginView.swift; sourceTree = "<group>"; };
		858869DB24A07E04007E216F /* SignUpView.swift */ = {isa = PBXFileReference; lastKnownFileType = sourcecode.swift; path = SignUpView.swift; sourceTree = "<group>"; };
		85A613BC2524E1C700E6735E /* Splash Screen */ = {isa = PBXFileReference; lastKnownFileType = folder; path = "Splash Screen"; sourceTree = "<group>"; };
		85A613CC2524EF3400E6735E /* HostingController.swift */ = {isa = PBXFileReference; lastKnownFileType = sourcecode.swift; path = HostingController.swift; sourceTree = "<group>"; };
		85A613DC2524F87500E6735E /* WFB White Logo */ = {isa = PBXFileReference; lastKnownFileType = folder; path = "WFB White Logo"; sourceTree = "<group>"; };
		85CD569E24A479DD00A1B04B /* GetStartedView.swift */ = {isa = PBXFileReference; lastKnownFileType = sourcecode.swift; path = GetStartedView.swift; sourceTree = "<group>"; };
		85D673A72525B01300CABA10 /* GetStartedView */ = {isa = PBXFileReference; lastKnownFileType = folder; path = GetStartedView; sourceTree = "<group>"; };
		A57E6FD03C6C39DDC2DA7B96 /* Pods-wefitbby-iosTests.release.xcconfig */ = {isa = PBXFileReference; includeInIndex = 1; lastKnownFileType = text.xcconfig; name = "Pods-wefitbby-iosTests.release.xcconfig"; path = "Target Support Files/Pods-wefitbby-iosTests/Pods-wefitbby-iosTests.release.xcconfig"; sourceTree = "<group>"; };
		C5958252A8BA8E59EDB144E8 /* Pods-wefitbby-ios-wefitbby-iosUITests.debug.xcconfig */ = {isa = PBXFileReference; includeInIndex = 1; lastKnownFileType = text.xcconfig; name = "Pods-wefitbby-ios-wefitbby-iosUITests.debug.xcconfig"; path = "Target Support Files/Pods-wefitbby-ios-wefitbby-iosUITests/Pods-wefitbby-ios-wefitbby-iosUITests.debug.xcconfig"; sourceTree = "<group>"; };
		DB3C7BA5F237CD0963D793A1 /* Pods-wefitbby-iosTests.debug.xcconfig */ = {isa = PBXFileReference; includeInIndex = 1; lastKnownFileType = text.xcconfig; name = "Pods-wefitbby-iosTests.debug.xcconfig"; path = "Target Support Files/Pods-wefitbby-iosTests/Pods-wefitbby-iosTests.debug.xcconfig"; sourceTree = "<group>"; };
/* End PBXFileReference section */

/* Begin PBXFrameworksBuildPhase section */
		85255EAC249C8B6400550416 /* Frameworks */ = {
			isa = PBXFrameworksBuildPhase;
			buildActionMask = 2147483647;
			files = (
				4F1C122D26616AE711D714F1 /* Pods_wefitbby_ios.framework in Frameworks */,
			);
			runOnlyForDeploymentPostprocessing = 0;
		};
		85255EC5249C8B6600550416 /* Frameworks */ = {
			isa = PBXFrameworksBuildPhase;
			buildActionMask = 2147483647;
			files = (
				54BB6C31ABCFFC6AE29018AB /* Pods_wefitbby_iosTests.framework in Frameworks */,
			);
			runOnlyForDeploymentPostprocessing = 0;
		};
		85255ED0249C8B6600550416 /* Frameworks */ = {
			isa = PBXFrameworksBuildPhase;
			buildActionMask = 2147483647;
			files = (
				A4F8FDC5312AD9B68988FAEA /* Pods_wefitbby_ios_wefitbby_iosUITests.framework in Frameworks */,
			);
			runOnlyForDeploymentPostprocessing = 0;
		};
/* End PBXFrameworksBuildPhase section */

/* Begin PBXGroup section */
		1DF83D1DCB04A6D7E3D19C10 /* Frameworks */ = {
			isa = PBXGroup;
			children = (
				3670BD4513A8806D2BFF3B99 /* Pods_wefitbby_ios.framework */,
				56F66EC83217184CD1098C25 /* Pods_wefitbby_ios_wefitbby_iosUITests.framework */,
				758A81F4EE0AE902804D700A /* Pods_wefitbby_iosTests.framework */,
			);
			name = Frameworks;
			sourceTree = "<group>";
		};
		7570C5EC9A2610206DD7BB55 /* Pods */ = {
			isa = PBXGroup;
			children = (
				768EB95AAE722BBDF1C89276 /* Pods-wefitbby-ios.debug.xcconfig */,
				2741321D7C0EF9D269F07D60 /* Pods-wefitbby-ios.release.xcconfig */,
				C5958252A8BA8E59EDB144E8 /* Pods-wefitbby-ios-wefitbby-iosUITests.debug.xcconfig */,
				70E450D4F16A4EA4CA847BD6 /* Pods-wefitbby-ios-wefitbby-iosUITests.release.xcconfig */,
				DB3C7BA5F237CD0963D793A1 /* Pods-wefitbby-iosTests.debug.xcconfig */,
				A57E6FD03C6C39DDC2DA7B96 /* Pods-wefitbby-iosTests.release.xcconfig */,
			);
			path = Pods;
			sourceTree = "<group>";
		};
		85255EA6249C8B6400550416 = {
			isa = PBXGroup;
			children = (
				85255EB1249C8B6400550416 /* wefitbby-ios */,
				85255ECB249C8B6600550416 /* wefitbby-iosTests */,
				85255ED6249C8B6600550416 /* wefitbby-iosUITests */,
				85255EB0249C8B6400550416 /* Products */,
				7570C5EC9A2610206DD7BB55 /* Pods */,
				1DF83D1DCB04A6D7E3D19C10 /* Frameworks */,
			);
			sourceTree = "<group>";
		};
		85255EB0249C8B6400550416 /* Products */ = {
			isa = PBXGroup;
			children = (
				85255EAF249C8B6400550416 /* wefitbby-ios.app */,
				85255EC8249C8B6600550416 /* wefitbby-iosTests.xctest */,
				85255ED3249C8B6600550416 /* wefitbby-iosUITests.xctest */,
			);
			name = Products;
			sourceTree = "<group>";
		};
		85255EB1249C8B6400550416 /* wefitbby-ios */ = {
			isa = PBXGroup;
			children = (
				85664B5825204B210025CEF0 /* Images */,
				858869D824A0798F007E216F /* PreLogin */,
				85255EE5249C8CAA00550416 /* DataModels */,
				852E9F34249E6ECB00376025 /* UserList.swift */,
				85664B42251F891C0025CEF0 /* HomeTabView.swift */,
				85255EBB249C8B6600550416 /* Assets.xcassets */,
				85255EB4249C8B6500550416 /* SceneDelegate.swift */,
				85255EB2249C8B6500550416 /* AppDelegate.swift */,
				85255EC0249C8B6600550416 /* LaunchScreen.storyboard */,
				858869D624A06FA5007E216F /* GoogleService-Info.plist */,
				85255EC3249C8B6600550416 /* Info.plist */,
				85255EB6249C8B6500550416 /* wefitbby_ios.xcdatamodeld */,
				85255EBD249C8B6600550416 /* Preview Content */,
				85A613CC2524EF3400E6735E /* HostingController.swift */,
			);
			path = "wefitbby-ios";
			sourceTree = "<group>";
		};
		85255EBD249C8B6600550416 /* Preview Content */ = {
			isa = PBXGroup;
			children = (
				85255EBE249C8B6600550416 /* Preview Assets.xcassets */,
			);
			path = "Preview Content";
			sourceTree = "<group>";
		};
		85255ECB249C8B6600550416 /* wefitbby-iosTests */ = {
			isa = PBXGroup;
			children = (
				85255ECC249C8B6600550416 /* wefitbby_iosTests.swift */,
				85255ECE249C8B6600550416 /* Info.plist */,
			);
			path = "wefitbby-iosTests";
			sourceTree = "<group>";
		};
		85255ED6249C8B6600550416 /* wefitbby-iosUITests */ = {
			isa = PBXGroup;
			children = (
				85255ED7249C8B6600550416 /* wefitbby_iosUITests.swift */,
				85255ED9249C8B6600550416 /* Info.plist */,
			);
			path = "wefitbby-iosUITests";
			sourceTree = "<group>";
		};
		85255EE5249C8CAA00550416 /* DataModels */ = {
			isa = PBXGroup;
			children = (
				852E9F32249E6D3800376025 /* Data.swift */,
				8550189E24A1AA5100D1DE10 /* User.swift */,
				855018A024A1AA5E00D1DE10 /* Goals.swift */,
			);
			path = DataModels;
			sourceTree = "<group>";
		};
		85664B5825204B210025CEF0 /* Images */ = {
			isa = PBXGroup;
			children = (
				85D673A72525B01300CABA10 /* GetStartedView */,
				857F3DDF2527440700145C18 /* LoginView */,
				85A613DC2524F87500E6735E /* WFB White Logo */,
				85A613BC2524E1C700E6735E /* Splash Screen */,
			);
			path = Images;
			sourceTree = "<group>";
		};
		857F3DDF2527440700145C18 /* LoginView */ = {
			isa = PBXGroup;
			children = (
				8522743B252A2B14005D18C3 /* applesignin-icon.png */,
				8522743F252A2B14005D18C3 /* applesignin-icon@2x.png */,
				8522743E252A2B14005D18C3 /* applesignin-icon@3x.png */,
				8522743C252A2B14005D18C3 /* googlesignin-icon.png */,
				8522743D252A2B14005D18C3 /* googlesignin-icon@2x.png */,
				8522743A252A2B14005D18C3 /* googlesignin-icon@3x.png */,
				852274312528FA9C005D18C3 /* ORSeparator.png */,
				852274322528FA9C005D18C3 /* ORSeparator@2x.png */,
				852274332528FA9C005D18C3 /* ORSeparator@3x.png */,
				857F3DE02527440700145C18 /* Separator@3x.png */,
				857F3DE12527440700145C18 /* Separator@2x.png */,
				857F3DE22527440700145C18 /* LogInRRectangle@3x.png */,
				857F3DE32527440700145C18 /* Separator.png */,
				857F3DE42527440700145C18 /* LogInRRectangle@2x.png */,
				857F3DE52527440700145C18 /* LogInRRectangle.png */,
			);
			path = LoginView;
			sourceTree = "<group>";
		};
		858869D824A0798F007E216F /* PreLogin */ = {
			isa = PBXGroup;
			children = (
				85255EB9249C8B6500550416 /* ContentView.swift */,
				858869D924A079A5007E216F /* LoginView.swift */,
				858869DB24A07E04007E216F /* SignUpView.swift */,
				85CD569E24A479DD00A1B04B /* GetStartedView.swift */,
				857F3DF125274B3300145C18 /* OneForgetPasswordView.swift */,
			);
			path = PreLogin;
			sourceTree = "<group>";
		};
/* End PBXGroup section */

/* Begin PBXNativeTarget section */
		85255EAE249C8B6400550416 /* wefitbby-ios */ = {
			isa = PBXNativeTarget;
			buildConfigurationList = 85255EDC249C8B6600550416 /* Build configuration list for PBXNativeTarget "wefitbby-ios" */;
			buildPhases = (
				03791EC1DB9913064B75DA9A /* [CP] Check Pods Manifest.lock */,
				85255EAB249C8B6400550416 /* Sources */,
				85255EAC249C8B6400550416 /* Frameworks */,
				85255EAD249C8B6400550416 /* Resources */,
				41AD9BCB335CB20ACF869A63 /* [CP] Embed Pods Frameworks */,
			);
			buildRules = (
			);
			dependencies = (
			);
			name = "wefitbby-ios";
			productName = "wefitbby-ios";
			productReference = 85255EAF249C8B6400550416 /* wefitbby-ios.app */;
			productType = "com.apple.product-type.application";
		};
		85255EC7249C8B6600550416 /* wefitbby-iosTests */ = {
			isa = PBXNativeTarget;
			buildConfigurationList = 85255EDF249C8B6600550416 /* Build configuration list for PBXNativeTarget "wefitbby-iosTests" */;
			buildPhases = (
				64CFB66467D13D158CD95471 /* [CP] Check Pods Manifest.lock */,
				85255EC4249C8B6600550416 /* Sources */,
				85255EC5249C8B6600550416 /* Frameworks */,
				85255EC6249C8B6600550416 /* Resources */,
			);
			buildRules = (
			);
			dependencies = (
				85255ECA249C8B6600550416 /* PBXTargetDependency */,
			);
			name = "wefitbby-iosTests";
			productName = "wefitbby-iosTests";
			productReference = 85255EC8249C8B6600550416 /* wefitbby-iosTests.xctest */;
			productType = "com.apple.product-type.bundle.unit-test";
		};
		85255ED2249C8B6600550416 /* wefitbby-iosUITests */ = {
			isa = PBXNativeTarget;
			buildConfigurationList = 85255EE2249C8B6600550416 /* Build configuration list for PBXNativeTarget "wefitbby-iosUITests" */;
			buildPhases = (
				2605B4D7696B920DD6CEA026 /* [CP] Check Pods Manifest.lock */,
				85255ECF249C8B6600550416 /* Sources */,
				85255ED0249C8B6600550416 /* Frameworks */,
				85255ED1249C8B6600550416 /* Resources */,
				3306497FF89AE31365848C71 /* [CP] Embed Pods Frameworks */,
			);
			buildRules = (
			);
			dependencies = (
				85255ED5249C8B6600550416 /* PBXTargetDependency */,
			);
			name = "wefitbby-iosUITests";
			productName = "wefitbby-iosUITests";
			productReference = 85255ED3249C8B6600550416 /* wefitbby-iosUITests.xctest */;
			productType = "com.apple.product-type.bundle.ui-testing";
		};
/* End PBXNativeTarget section */

/* Begin PBXProject section */
		85255EA7249C8B6400550416 /* Project object */ = {
			isa = PBXProject;
			attributes = {
				LastSwiftUpdateCheck = 1150;
				LastUpgradeCheck = 1200;
				ORGANIZATIONNAME = avintech;
				TargetAttributes = {
					85255EAE249C8B6400550416 = {
						CreatedOnToolsVersion = 11.5;
					};
					85255EC7249C8B6600550416 = {
						CreatedOnToolsVersion = 11.5;
						TestTargetID = 85255EAE249C8B6400550416;
					};
					85255ED2249C8B6600550416 = {
						CreatedOnToolsVersion = 11.5;
						TestTargetID = 85255EAE249C8B6400550416;
					};
				};
			};
			buildConfigurationList = 85255EAA249C8B6400550416 /* Build configuration list for PBXProject "wefitbby-ios" */;
			compatibilityVersion = "Xcode 9.3";
			developmentRegion = en;
			hasScannedForEncodings = 0;
			knownRegions = (
				en,
				Base,
			);
			mainGroup = 85255EA6249C8B6400550416;
			productRefGroup = 85255EB0249C8B6400550416 /* Products */;
			projectDirPath = "";
			projectRoot = "";
			targets = (
				85255EAE249C8B6400550416 /* wefitbby-ios */,
				85255EC7249C8B6600550416 /* wefitbby-iosTests */,
				85255ED2249C8B6600550416 /* wefitbby-iosUITests */,
			);
		};
/* End PBXProject section */

/* Begin PBXResourcesBuildPhase section */
		85255EAD249C8B6400550416 /* Resources */ = {
			isa = PBXResourcesBuildPhase;
			buildActionMask = 2147483647;
			files = (
				85227443252A2B14005D18C3 /* googlesignin-icon@2x.png in Resources */,
				85D673A82525B01300CABA10 /* GetStartedView in Resources */,
				85255EC2249C8B6600550416 /* LaunchScreen.storyboard in Resources */,
				852274352528FA9C005D18C3 /* ORSeparator@2x.png in Resources */,
				85227445252A2B14005D18C3 /* applesignin-icon@2x.png in Resources */,
				858869D724A06FA5007E216F /* GoogleService-Info.plist in Resources */,
				85255EBF249C8B6600550416 /* Preview Assets.xcassets in Resources */,
				852274342528FA9C005D18C3 /* ORSeparator.png in Resources */,
				85A613DD2524F87500E6735E /* WFB White Logo in Resources */,
				85227441252A2B14005D18C3 /* applesignin-icon.png in Resources */,
				85A613BD2524E1C700E6735E /* Splash Screen in Resources */,
				852274362528FA9C005D18C3 /* ORSeparator@3x.png in Resources */,
				85227444252A2B14005D18C3 /* applesignin-icon@3x.png in Resources */,
				85227442252A2B14005D18C3 /* googlesignin-icon.png in Resources */,
				85227440252A2B14005D18C3 /* googlesignin-icon@3x.png in Resources */,
				85255EBC249C8B6600550416 /* Assets.xcassets in Resources */,
			);
			runOnlyForDeploymentPostprocessing = 0;
		};
		85255EC6249C8B6600550416 /* Resources */ = {
			isa = PBXResourcesBuildPhase;
			buildActionMask = 2147483647;
			files = (
			);
			runOnlyForDeploymentPostprocessing = 0;
		};
		85255ED1249C8B6600550416 /* Resources */ = {
			isa = PBXResourcesBuildPhase;
			buildActionMask = 2147483647;
			files = (
			);
			runOnlyForDeploymentPostprocessing = 0;
		};
/* End PBXResourcesBuildPhase section */

/* Begin PBXShellScriptBuildPhase section */
		03791EC1DB9913064B75DA9A /* [CP] Check Pods Manifest.lock */ = {
			isa = PBXShellScriptBuildPhase;
			buildActionMask = 2147483647;
			files = (
			);
			inputFileListPaths = (
			);
			inputPaths = (
				"${PODS_PODFILE_DIR_PATH}/Podfile.lock",
				"${PODS_ROOT}/Manifest.lock",
			);
			name = "[CP] Check Pods Manifest.lock";
			outputFileListPaths = (
			);
			outputPaths = (
				"$(DERIVED_FILE_DIR)/Pods-wefitbby-ios-checkManifestLockResult.txt",
			);
			runOnlyForDeploymentPostprocessing = 0;
			shellPath = /bin/sh;
			shellScript = "diff \"${PODS_PODFILE_DIR_PATH}/Podfile.lock\" \"${PODS_ROOT}/Manifest.lock\" > /dev/null\nif [ $? != 0 ] ; then\n    # print error to STDERR\n    echo \"error: The sandbox is not in sync with the Podfile.lock. Run 'pod install' or update your CocoaPods installation.\" >&2\n    exit 1\nfi\n# This output is used by Xcode 'outputs' to avoid re-running this script phase.\necho \"SUCCESS\" > \"${SCRIPT_OUTPUT_FILE_0}\"\n";
			showEnvVarsInLog = 0;
		};
		2605B4D7696B920DD6CEA026 /* [CP] Check Pods Manifest.lock */ = {
			isa = PBXShellScriptBuildPhase;
			buildActionMask = 2147483647;
			files = (
			);
			inputFileListPaths = (
			);
			inputPaths = (
				"${PODS_PODFILE_DIR_PATH}/Podfile.lock",
				"${PODS_ROOT}/Manifest.lock",
			);
			name = "[CP] Check Pods Manifest.lock";
			outputFileListPaths = (
			);
			outputPaths = (
				"$(DERIVED_FILE_DIR)/Pods-wefitbby-ios-wefitbby-iosUITests-checkManifestLockResult.txt",
			);
			runOnlyForDeploymentPostprocessing = 0;
			shellPath = /bin/sh;
			shellScript = "diff \"${PODS_PODFILE_DIR_PATH}/Podfile.lock\" \"${PODS_ROOT}/Manifest.lock\" > /dev/null\nif [ $? != 0 ] ; then\n    # print error to STDERR\n    echo \"error: The sandbox is not in sync with the Podfile.lock. Run 'pod install' or update your CocoaPods installation.\" >&2\n    exit 1\nfi\n# This output is used by Xcode 'outputs' to avoid re-running this script phase.\necho \"SUCCESS\" > \"${SCRIPT_OUTPUT_FILE_0}\"\n";
			showEnvVarsInLog = 0;
		};
		3306497FF89AE31365848C71 /* [CP] Embed Pods Frameworks */ = {
			isa = PBXShellScriptBuildPhase;
			buildActionMask = 2147483647;
			files = (
			);
			inputFileListPaths = (
				"${PODS_ROOT}/Target Support Files/Pods-wefitbby-ios-wefitbby-iosUITests/Pods-wefitbby-ios-wefitbby-iosUITests-frameworks-${CONFIGURATION}-input-files.xcfilelist",
			);
			name = "[CP] Embed Pods Frameworks";
			outputFileListPaths = (
				"${PODS_ROOT}/Target Support Files/Pods-wefitbby-ios-wefitbby-iosUITests/Pods-wefitbby-ios-wefitbby-iosUITests-frameworks-${CONFIGURATION}-output-files.xcfilelist",
			);
			runOnlyForDeploymentPostprocessing = 0;
			shellPath = /bin/sh;
			shellScript = "\"${PODS_ROOT}/Target Support Files/Pods-wefitbby-ios-wefitbby-iosUITests/Pods-wefitbby-ios-wefitbby-iosUITests-frameworks.sh\"\n";
			showEnvVarsInLog = 0;
		};
		41AD9BCB335CB20ACF869A63 /* [CP] Embed Pods Frameworks */ = {
			isa = PBXShellScriptBuildPhase;
			buildActionMask = 2147483647;
			files = (
			);
			inputFileListPaths = (
				"${PODS_ROOT}/Target Support Files/Pods-wefitbby-ios/Pods-wefitbby-ios-frameworks-${CONFIGURATION}-input-files.xcfilelist",
			);
			name = "[CP] Embed Pods Frameworks";
			outputFileListPaths = (
				"${PODS_ROOT}/Target Support Files/Pods-wefitbby-ios/Pods-wefitbby-ios-frameworks-${CONFIGURATION}-output-files.xcfilelist",
			);
			runOnlyForDeploymentPostprocessing = 0;
			shellPath = /bin/sh;
			shellScript = "\"${PODS_ROOT}/Target Support Files/Pods-wefitbby-ios/Pods-wefitbby-ios-frameworks.sh\"\n";
			showEnvVarsInLog = 0;
		};
		64CFB66467D13D158CD95471 /* [CP] Check Pods Manifest.lock */ = {
			isa = PBXShellScriptBuildPhase;
			buildActionMask = 2147483647;
			files = (
			);
			inputFileListPaths = (
			);
			inputPaths = (
				"${PODS_PODFILE_DIR_PATH}/Podfile.lock",
				"${PODS_ROOT}/Manifest.lock",
			);
			name = "[CP] Check Pods Manifest.lock";
			outputFileListPaths = (
			);
			outputPaths = (
				"$(DERIVED_FILE_DIR)/Pods-wefitbby-iosTests-checkManifestLockResult.txt",
			);
			runOnlyForDeploymentPostprocessing = 0;
			shellPath = /bin/sh;
			shellScript = "diff \"${PODS_PODFILE_DIR_PATH}/Podfile.lock\" \"${PODS_ROOT}/Manifest.lock\" > /dev/null\nif [ $? != 0 ] ; then\n    # print error to STDERR\n    echo \"error: The sandbox is not in sync with the Podfile.lock. Run 'pod install' or update your CocoaPods installation.\" >&2\n    exit 1\nfi\n# This output is used by Xcode 'outputs' to avoid re-running this script phase.\necho \"SUCCESS\" > \"${SCRIPT_OUTPUT_FILE_0}\"\n";
			showEnvVarsInLog = 0;
		};
/* End PBXShellScriptBuildPhase section */

/* Begin PBXSourcesBuildPhase section */
		85255EAB249C8B6400550416 /* Sources */ = {
			isa = PBXSourcesBuildPhase;
			buildActionMask = 2147483647;
			files = (
				855018A124A1AA5E00D1DE10 /* Goals.swift in Sources */,
				852E9F33249E6D3800376025 /* Data.swift in Sources */,
				858869DA24A079A5007E216F /* LoginView.swift in Sources */,
				85664B43251F891C0025CEF0 /* HomeTabView.swift in Sources */,
				85CD569F24A479DD00A1B04B /* GetStartedView.swift in Sources */,
				85A613CD2524EF3400E6735E /* HostingController.swift in Sources */,
				85255EB3249C8B6500550416 /* AppDelegate.swift in Sources */,
				857F3DF225274B3300145C18 /* OneForgetPasswordView.swift in Sources */,
				85255EB8249C8B6500550416 /* wefitbby_ios.xcdatamodeld in Sources */,
				858869DC24A07E04007E216F /* SignUpView.swift in Sources */,
				8550189F24A1AA5100D1DE10 /* User.swift in Sources */,
				852E9F35249E6ECB00376025 /* UserList.swift in Sources */,
				85255EBA249C8B6500550416 /* ContentView.swift in Sources */,
				85255EB5249C8B6500550416 /* SceneDelegate.swift in Sources */,
			);
			runOnlyForDeploymentPostprocessing = 0;
		};
		85255EC4249C8B6600550416 /* Sources */ = {
			isa = PBXSourcesBuildPhase;
			buildActionMask = 2147483647;
			files = (
				85255ECD249C8B6600550416 /* wefitbby_iosTests.swift in Sources */,
			);
			runOnlyForDeploymentPostprocessing = 0;
		};
		85255ECF249C8B6600550416 /* Sources */ = {
			isa = PBXSourcesBuildPhase;
			buildActionMask = 2147483647;
			files = (
				85255ED8249C8B6600550416 /* wefitbby_iosUITests.swift in Sources */,
			);
			runOnlyForDeploymentPostprocessing = 0;
		};
/* End PBXSourcesBuildPhase section */

/* Begin PBXTargetDependency section */
		85255ECA249C8B6600550416 /* PBXTargetDependency */ = {
			isa = PBXTargetDependency;
			target = 85255EAE249C8B6400550416 /* wefitbby-ios */;
			targetProxy = 85255EC9249C8B6600550416 /* PBXContainerItemProxy */;
		};
		85255ED5249C8B6600550416 /* PBXTargetDependency */ = {
			isa = PBXTargetDependency;
			target = 85255EAE249C8B6400550416 /* wefitbby-ios */;
			targetProxy = 85255ED4249C8B6600550416 /* PBXContainerItemProxy */;
		};
/* End PBXTargetDependency section */

/* Begin PBXVariantGroup section */
		85255EC0249C8B6600550416 /* LaunchScreen.storyboard */ = {
			isa = PBXVariantGroup;
			children = (
				85255EC1249C8B6600550416 /* Base */,
			);
			name = LaunchScreen.storyboard;
			sourceTree = "<group>";
		};
/* End PBXVariantGroup section */

/* Begin XCBuildConfiguration section */
		85255EDA249C8B6600550416 /* Debug */ = {
			isa = XCBuildConfiguration;
			buildSettings = {
				ALWAYS_SEARCH_USER_PATHS = NO;
				CLANG_ANALYZER_NONNULL = YES;
				CLANG_ANALYZER_NUMBER_OBJECT_CONVERSION = YES_AGGRESSIVE;
				CLANG_CXX_LANGUAGE_STANDARD = "gnu++14";
				CLANG_CXX_LIBRARY = "libc++";
				CLANG_ENABLE_MODULES = YES;
				CLANG_ENABLE_OBJC_ARC = YES;
				CLANG_ENABLE_OBJC_WEAK = YES;
				CLANG_WARN_BLOCK_CAPTURE_AUTORELEASING = YES;
				CLANG_WARN_BOOL_CONVERSION = YES;
				CLANG_WARN_COMMA = YES;
				CLANG_WARN_CONSTANT_CONVERSION = YES;
				CLANG_WARN_DEPRECATED_OBJC_IMPLEMENTATIONS = YES;
				CLANG_WARN_DIRECT_OBJC_ISA_USAGE = YES_ERROR;
				CLANG_WARN_DOCUMENTATION_COMMENTS = YES;
				CLANG_WARN_EMPTY_BODY = YES;
				CLANG_WARN_ENUM_CONVERSION = YES;
				CLANG_WARN_INFINITE_RECURSION = YES;
				CLANG_WARN_INT_CONVERSION = YES;
				CLANG_WARN_NON_LITERAL_NULL_CONVERSION = YES;
				CLANG_WARN_OBJC_IMPLICIT_RETAIN_SELF = YES;
				CLANG_WARN_OBJC_LITERAL_CONVERSION = YES;
				CLANG_WARN_OBJC_ROOT_CLASS = YES_ERROR;
				CLANG_WARN_QUOTED_INCLUDE_IN_FRAMEWORK_HEADER = YES;
				CLANG_WARN_RANGE_LOOP_ANALYSIS = YES;
				CLANG_WARN_STRICT_PROTOTYPES = YES;
				CLANG_WARN_SUSPICIOUS_MOVE = YES;
				CLANG_WARN_UNGUARDED_AVAILABILITY = YES_AGGRESSIVE;
				CLANG_WARN_UNREACHABLE_CODE = YES;
				CLANG_WARN__DUPLICATE_METHOD_MATCH = YES;
				COPY_PHASE_STRIP = NO;
				DEBUG_INFORMATION_FORMAT = dwarf;
				ENABLE_STRICT_OBJC_MSGSEND = YES;
				ENABLE_TESTABILITY = YES;
				GCC_C_LANGUAGE_STANDARD = gnu11;
				GCC_DYNAMIC_NO_PIC = NO;
				GCC_NO_COMMON_BLOCKS = YES;
				GCC_OPTIMIZATION_LEVEL = 0;
				GCC_PREPROCESSOR_DEFINITIONS = (
					"DEBUG=1",
					"$(inherited)",
				);
				GCC_WARN_64_TO_32_BIT_CONVERSION = YES;
				GCC_WARN_ABOUT_RETURN_TYPE = YES_ERROR;
				GCC_WARN_UNDECLARED_SELECTOR = YES;
				GCC_WARN_UNINITIALIZED_AUTOS = YES_AGGRESSIVE;
				GCC_WARN_UNUSED_FUNCTION = YES;
				GCC_WARN_UNUSED_VARIABLE = YES;
				IPHONEOS_DEPLOYMENT_TARGET = 12.0;
				MTL_ENABLE_DEBUG_INFO = INCLUDE_SOURCE;
				MTL_FAST_MATH = YES;
				ONLY_ACTIVE_ARCH = YES;
				SDKROOT = iphoneos;
				SWIFT_ACTIVE_COMPILATION_CONDITIONS = DEBUG;
				SWIFT_OPTIMIZATION_LEVEL = "-Onone";
			};
			name = Debug;
		};
		85255EDB249C8B6600550416 /* Release */ = {
			isa = XCBuildConfiguration;
			buildSettings = {
				ALWAYS_SEARCH_USER_PATHS = NO;
				CLANG_ANALYZER_NONNULL = YES;
				CLANG_ANALYZER_NUMBER_OBJECT_CONVERSION = YES_AGGRESSIVE;
				CLANG_CXX_LANGUAGE_STANDARD = "gnu++14";
				CLANG_CXX_LIBRARY = "libc++";
				CLANG_ENABLE_MODULES = YES;
				CLANG_ENABLE_OBJC_ARC = YES;
				CLANG_ENABLE_OBJC_WEAK = YES;
				CLANG_WARN_BLOCK_CAPTURE_AUTORELEASING = YES;
				CLANG_WARN_BOOL_CONVERSION = YES;
				CLANG_WARN_COMMA = YES;
				CLANG_WARN_CONSTANT_CONVERSION = YES;
				CLANG_WARN_DEPRECATED_OBJC_IMPLEMENTATIONS = YES;
				CLANG_WARN_DIRECT_OBJC_ISA_USAGE = YES_ERROR;
				CLANG_WARN_DOCUMENTATION_COMMENTS = YES;
				CLANG_WARN_EMPTY_BODY = YES;
				CLANG_WARN_ENUM_CONVERSION = YES;
				CLANG_WARN_INFINITE_RECURSION = YES;
				CLANG_WARN_INT_CONVERSION = YES;
				CLANG_WARN_NON_LITERAL_NULL_CONVERSION = YES;
				CLANG_WARN_OBJC_IMPLICIT_RETAIN_SELF = YES;
				CLANG_WARN_OBJC_LITERAL_CONVERSION = YES;
				CLANG_WARN_OBJC_ROOT_CLASS = YES_ERROR;
				CLANG_WARN_QUOTED_INCLUDE_IN_FRAMEWORK_HEADER = YES;
				CLANG_WARN_RANGE_LOOP_ANALYSIS = YES;
				CLANG_WARN_STRICT_PROTOTYPES = YES;
				CLANG_WARN_SUSPICIOUS_MOVE = YES;
				CLANG_WARN_UNGUARDED_AVAILABILITY = YES_AGGRESSIVE;
				CLANG_WARN_UNREACHABLE_CODE = YES;
				CLANG_WARN__DUPLICATE_METHOD_MATCH = YES;
				COPY_PHASE_STRIP = NO;
				DEBUG_INFORMATION_FORMAT = "dwarf-with-dsym";
				ENABLE_NS_ASSERTIONS = NO;
				ENABLE_STRICT_OBJC_MSGSEND = YES;
				GCC_C_LANGUAGE_STANDARD = gnu11;
				GCC_NO_COMMON_BLOCKS = YES;
				GCC_WARN_64_TO_32_BIT_CONVERSION = YES;
				GCC_WARN_ABOUT_RETURN_TYPE = YES_ERROR;
				GCC_WARN_UNDECLARED_SELECTOR = YES;
				GCC_WARN_UNINITIALIZED_AUTOS = YES_AGGRESSIVE;
				GCC_WARN_UNUSED_FUNCTION = YES;
				GCC_WARN_UNUSED_VARIABLE = YES;
				IPHONEOS_DEPLOYMENT_TARGET = 12.0;
				MTL_ENABLE_DEBUG_INFO = NO;
				MTL_FAST_MATH = YES;
				SDKROOT = iphoneos;
				SWIFT_COMPILATION_MODE = wholemodule;
				SWIFT_OPTIMIZATION_LEVEL = "-O";
				VALIDATE_PRODUCT = YES;
			};
			name = Release;
		};
		85255EDD249C8B6600550416 /* Debug */ = {
			isa = XCBuildConfiguration;
			baseConfigurationReference = 768EB95AAE722BBDF1C89276 /* Pods-wefitbby-ios.debug.xcconfig */;
			buildSettings = {
				ASSETCATALOG_COMPILER_APPICON_NAME = AppIcon;
				CODE_SIGN_STYLE = Automatic;
				DEVELOPMENT_ASSET_PATHS = "\"wefitbby-ios/Preview Content\"";
				DEVELOPMENT_TEAM = YX3NYWZF68;
				ENABLE_PREVIEWS = YES;
				INFOPLIST_FILE = "wefitbby-ios/Info.plist";
				IPHONEOS_DEPLOYMENT_TARGET = 13.0;
				LD_RUNPATH_SEARCH_PATHS = (
					"$(inherited)",
					"@executable_path/Frameworks",
				);
				PRODUCT_BUNDLE_IDENTIFIER = "avintech.wefitbby-ios";
				PRODUCT_NAME = "$(TARGET_NAME)";
				SWIFT_VERSION = 5.0;
				TARGETED_DEVICE_FAMILY = "1,2";
			};
			name = Debug;
		};
		85255EDE249C8B6600550416 /* Release */ = {
			isa = XCBuildConfiguration;
			baseConfigurationReference = 2741321D7C0EF9D269F07D60 /* Pods-wefitbby-ios.release.xcconfig */;
			buildSettings = {
				ASSETCATALOG_COMPILER_APPICON_NAME = AppIcon;
				CODE_SIGN_STYLE = Automatic;
				DEVELOPMENT_ASSET_PATHS = "\"wefitbby-ios/Preview Content\"";
				DEVELOPMENT_TEAM = YX3NYWZF68;
				ENABLE_PREVIEWS = YES;
				INFOPLIST_FILE = "wefitbby-ios/Info.plist";
				IPHONEOS_DEPLOYMENT_TARGET = 13.0;
				LD_RUNPATH_SEARCH_PATHS = (
					"$(inherited)",
					"@executable_path/Frameworks",
				);
				PRODUCT_BUNDLE_IDENTIFIER = "avintech.wefitbby-ios";
				PRODUCT_NAME = "$(TARGET_NAME)";
				SWIFT_VERSION = 5.0;
				TARGETED_DEVICE_FAMILY = "1,2";
			};
			name = Release;
		};
		85255EE0249C8B6600550416 /* Debug */ = {
			isa = XCBuildConfiguration;
			baseConfigurationReference = DB3C7BA5F237CD0963D793A1 /* Pods-wefitbby-iosTests.debug.xcconfig */;
			buildSettings = {
				ALWAYS_EMBED_SWIFT_STANDARD_LIBRARIES = YES;
				BUNDLE_LOADER = "$(TEST_HOST)";
				CODE_SIGN_STYLE = Automatic;
				DEVELOPMENT_TEAM = YX3NYWZF68;
				INFOPLIST_FILE = "wefitbby-iosTests/Info.plist";
				IPHONEOS_DEPLOYMENT_TARGET = 13.5;
				LD_RUNPATH_SEARCH_PATHS = (
					"$(inherited)",
					"@executable_path/Frameworks",
					"@loader_path/Frameworks",
				);
				PRODUCT_BUNDLE_IDENTIFIER = "avintech.wefitbby-iosTests";
				PRODUCT_NAME = "$(TARGET_NAME)";
				SWIFT_VERSION = 5.0;
				TARGETED_DEVICE_FAMILY = "1,2";
				TEST_HOST = "$(BUILT_PRODUCTS_DIR)/wefitbby-ios.app/wefitbby-ios";
			};
			name = Debug;
		};
		85255EE1249C8B6600550416 /* Release */ = {
			isa = XCBuildConfiguration;
			baseConfigurationReference = A57E6FD03C6C39DDC2DA7B96 /* Pods-wefitbby-iosTests.release.xcconfig */;
			buildSettings = {
				ALWAYS_EMBED_SWIFT_STANDARD_LIBRARIES = YES;
				BUNDLE_LOADER = "$(TEST_HOST)";
				CODE_SIGN_STYLE = Automatic;
				DEVELOPMENT_TEAM = YX3NYWZF68;
				INFOPLIST_FILE = "wefitbby-iosTests/Info.plist";
				IPHONEOS_DEPLOYMENT_TARGET = 13.5;
				LD_RUNPATH_SEARCH_PATHS = (
					"$(inherited)",
					"@executable_path/Frameworks",
					"@loader_path/Frameworks",
				);
				PRODUCT_BUNDLE_IDENTIFIER = "avintech.wefitbby-iosTests";
				PRODUCT_NAME = "$(TARGET_NAME)";
				SWIFT_VERSION = 5.0;
				TARGETED_DEVICE_FAMILY = "1,2";
				TEST_HOST = "$(BUILT_PRODUCTS_DIR)/wefitbby-ios.app/wefitbby-ios";
			};
			name = Release;
		};
		85255EE3249C8B6600550416 /* Debug */ = {
			isa = XCBuildConfiguration;
			baseConfigurationReference = C5958252A8BA8E59EDB144E8 /* Pods-wefitbby-ios-wefitbby-iosUITests.debug.xcconfig */;
			buildSettings = {
				ALWAYS_EMBED_SWIFT_STANDARD_LIBRARIES = YES;
				CODE_SIGN_STYLE = Automatic;
				DEVELOPMENT_TEAM = YX3NYWZF68;
				INFOPLIST_FILE = "wefitbby-iosUITests/Info.plist";
				LD_RUNPATH_SEARCH_PATHS = (
					"$(inherited)",
					"@executable_path/Frameworks",
					"@loader_path/Frameworks",
				);
				PRODUCT_BUNDLE_IDENTIFIER = "avintech.wefitbby-iosUITests";
				PRODUCT_NAME = "$(TARGET_NAME)";
				SWIFT_VERSION = 5.0;
				TARGETED_DEVICE_FAMILY = "1,2";
				TEST_TARGET_NAME = "wefitbby-ios";
			};
			name = Debug;
		};
		85255EE4249C8B6600550416 /* Release */ = {
			isa = XCBuildConfiguration;
			baseConfigurationReference = 70E450D4F16A4EA4CA847BD6 /* Pods-wefitbby-ios-wefitbby-iosUITests.release.xcconfig */;
			buildSettings = {
				ALWAYS_EMBED_SWIFT_STANDARD_LIBRARIES = YES;
				CODE_SIGN_STYLE = Automatic;
				DEVELOPMENT_TEAM = YX3NYWZF68;
				INFOPLIST_FILE = "wefitbby-iosUITests/Info.plist";
				LD_RUNPATH_SEARCH_PATHS = (
					"$(inherited)",
					"@executable_path/Frameworks",
					"@loader_path/Frameworks",
				);
				PRODUCT_BUNDLE_IDENTIFIER = "avintech.wefitbby-iosUITests";
				PRODUCT_NAME = "$(TARGET_NAME)";
				SWIFT_VERSION = 5.0;
				TARGETED_DEVICE_FAMILY = "1,2";
				TEST_TARGET_NAME = "wefitbby-ios";
			};
			name = Release;
		};
/* End XCBuildConfiguration section */

/* Begin XCConfigurationList section */
		85255EAA249C8B6400550416 /* Build configuration list for PBXProject "wefitbby-ios" */ = {
			isa = XCConfigurationList;
			buildConfigurations = (
				85255EDA249C8B6600550416 /* Debug */,
				85255EDB249C8B6600550416 /* Release */,
			);
			defaultConfigurationIsVisible = 0;
			defaultConfigurationName = Release;
		};
		85255EDC249C8B6600550416 /* Build configuration list for PBXNativeTarget "wefitbby-ios" */ = {
			isa = XCConfigurationList;
			buildConfigurations = (
				85255EDD249C8B6600550416 /* Debug */,
				85255EDE249C8B6600550416 /* Release */,
			);
			defaultConfigurationIsVisible = 0;
			defaultConfigurationName = Release;
		};
		85255EDF249C8B6600550416 /* Build configuration list for PBXNativeTarget "wefitbby-iosTests" */ = {
			isa = XCConfigurationList;
			buildConfigurations = (
				85255EE0249C8B6600550416 /* Debug */,
				85255EE1249C8B6600550416 /* Release */,
			);
			defaultConfigurationIsVisible = 0;
			defaultConfigurationName = Release;
		};
		85255EE2249C8B6600550416 /* Build configuration list for PBXNativeTarget "wefitbby-iosUITests" */ = {
			isa = XCConfigurationList;
			buildConfigurations = (
				85255EE3249C8B6600550416 /* Debug */,
				85255EE4249C8B6600550416 /* Release */,
			);
			defaultConfigurationIsVisible = 0;
			defaultConfigurationName = Release;
		};
/* End XCConfigurationList section */

/* Begin XCVersionGroup section */
		85255EB6249C8B6500550416 /* wefitbby_ios.xcdatamodeld */ = {
			isa = XCVersionGroup;
			children = (
				85255EB7249C8B6500550416 /* wefitbby_ios.xcdatamodel */,
			);
			currentVersion = 85255EB7249C8B6500550416 /* wefitbby_ios.xcdatamodel */;
			path = wefitbby_ios.xcdatamodeld;
			sourceTree = "<group>";
			versionGroupType = wrapper.xcdatamodel;
		};
/* End XCVersionGroup section */
	};
	rootObject = 85255EA7249C8B6400550416 /* Project object */;
}
